{
  "name": "Smooth Snake Random",
  "lockfileVersion": 3,
  "requires": true,
  "packages": {
    "": {
      "dependencies": {
        "@chriscourses/perlin-noise": "^1.0.6"
      }
    },
    "node_modules/@chriscourses/perlin-noise": {
      "version": "1.0.6",
      "resolved": "https://registry.npmjs.org/@chriscourses/perlin-noise/-/perlin-noise-1.0.6.tgz",
      "integrity": "sha512-q9CgS+02HU8x7PZmKLvB/m3OfcgA5Z93NSKuH1bcWL44u883u5qmMpVVG47GfF667mAhejHVT2jzMleeAUMMPw=="
    }
  }
}
